{
  "name": "js-workshop",
  "version": "1.0.0",
  "lockfileVersion": 1,
  "requires": true,
  "dependencies": {
    "circular-json": {
      "version": "0.5.9",
      "resolved": "https://miguel-savignano.pkgs.visualstudio.com/_packaging/npm-miguemasx2/npm/registry/circular-json/-/circular-json-0.5.9.tgz",
      "integrity": "sha1-kydjroj0996teg0JyKUaR0OlOx0="
    },
    "nestjs-tracer": {
      "version": "2.5.0",
      "resolved": "https://miguel-savignano.pkgs.visualstudio.com/_packaging/npm-miguemasx2/npm/registry/nestjs-tracer/-/nestjs-tracer-2.5.0.tgz",
      "integrity": "sha1-5Xl7hw0ikL0vJp7YGHgMW/0gSeo=",
      "requires": {
        "circular-json": "^0.5.9",
        "uuid": "^3.3.2"
      }
    },
    "uuid": {
      "version": "3.3.2",
      "resolved": "https://miguel-savignano.pkgs.visualstudio.com/_packaging/npm-miguemasx2/npm/registry/uuid/-/uuid-3.3.2.tgz",
      "integrity": "sha1-G0r0lV6zB3xQHCOHL8ZROBFYcTE="
    }
  }
}
